
Microsoft Visual Studio Solution File, Format Version 12.00
# Visual Studio Version 17
VisualStudioVersion = 17.3.32819.101
MinimumVisualStudioVersion = 10.0.40219.1
Project("{9A19103F-16F7-4668-BE54-9A1E7A4F7556}") = "RestProxy", "RestProxy\RestProxy.csproj", "{3AC41F9F-B299-48A8-9C42-27890C9B477E}"
EndProject
Project("{9A19103F-16F7-4668-BE54-9A1E7A4F7556}") = "SampleApi", "SampleApi\SampleApi.csproj", "{8CE55D49-53EC-4CDE-A337-6948AFEF3B84}"
EndProject
Project("{9A19103F-16F7-4668-BE54-9A1E7A4F7556}") = "Driver", "Driver\Driver.csproj", "{D5015FD1-FDC9-46C3-A903-C21E42915E3E}"
EndProject
Project("{9A19103F-16F7-4668-BE54-9A1E7A4F7556}") = "Contracts", "Contracts\Contracts.csproj", "{48C8E811-A6FB-4D17-8515-690EA659B0C8}"
EndProject
Project("{9A19103F-16F7-4668-BE54-9A1E7A4F7556}") = "General", "General\General.csproj", "{F22D0361-BED3-47E0-9E8B-3F3AFAE17FC5}"
EndProject
Project("{2150E333-8FDC-42A3-9474-1A3956D46DE8}") = "Solution Items", "Solution Items", "{9E5CBF5A-0DFE-4857-B649-133E31702272}"
	ProjectSection(SolutionItems) = preProject
		README.md = README.md
	EndProjectSection
EndProject
Global
	GlobalSection(SolutionConfigurationPlatforms) = preSolution
		Debug|Any CPU = Debug|Any CPU
		Release|Any CPU = Release|Any CPU
	EndGlobalSection
	GlobalSection(ProjectConfigurationPlatforms) = postSolution
		{3AC41F9F-B299-48A8-9C42-27890C9B477E}.Debug|Any CPU.ActiveCfg = Debug|Any CPU
		{3AC41F9F-B299-48A8-9C42-27890C9B477E}.Debug|Any CPU.Build.0 = Debug|Any CPU
		{3AC41F9F-B299-48A8-9C42-27890C9B477E}.Release|Any CPU.ActiveCfg = Release|Any CPU
		{3AC41F9F-B299-48A8-9C42-27890C9B477E}.Release|Any CPU.Build.0 = Release|Any CPU
		{8CE55D49-53EC-4CDE-A337-6948AFEF3B84}.Debug|Any CPU.ActiveCfg = Debug|Any CPU
		{8CE55D49-53EC-4CDE-A337-6948AFEF3B84}.Debug|Any CPU.Build.0 = Debug|Any CPU
		{8CE55D49-53EC-4CDE-A337-6948AFEF3B84}.Release|Any CPU.ActiveCfg = Release|Any CPU
		{8CE55D49-53EC-4CDE-A337-6948AFEF3B84}.Release|Any CPU.Build.0 = Release|Any CPU
		{D5015FD1-FDC9-46C3-A903-C21E42915E3E}.Debug|Any CPU.ActiveCfg = Debug|Any CPU
		{D5015FD1-FDC9-46C3-A903-C21E42915E3E}.Debug|Any CPU.Build.0 = Debug|Any CPU
		{D5015FD1-FDC9-46C3-A903-C21E42915E3E}.Release|Any CPU.ActiveCfg = Release|Any CPU
		{D5015FD1-FDC9-46C3-A903-C21E42915E3E}.Release|Any CPU.Build.0 = Release|Any CPU
		{48C8E811-A6FB-4D17-8515-690EA659B0C8}.Debug|Any CPU.ActiveCfg = Debug|Any CPU
		{48C8E811-A6FB-4D17-8515-690EA659B0C8}.Debug|Any CPU.Build.0 = Debug|Any CPU
		{48C8E811-A6FB-4D17-8515-690EA659B0C8}.Release|Any CPU.ActiveCfg = Release|Any CPU
		{48C8E811-A6FB-4D17-8515-690EA659B0C8}.Release|Any CPU.Build.0 = Release|Any CPU
		{F22D0361-BED3-47E0-9E8B-3F3AFAE17FC5}.Debug|Any CPU.ActiveCfg = Debug|Any CPU
		{F22D0361-BED3-47E0-9E8B-3F3AFAE17FC5}.Debug|Any CPU.Build.0 = Debug|Any CPU
		{F22D0361-BED3-47E0-9E8B-3F3AFAE17FC5}.Release|Any CPU.ActiveCfg = Release|Any CPU
		{F22D0361-BED3-47E0-9E8B-3F3AFAE17FC5}.Release|Any CPU.Build.0 = Release|Any CPU
	EndGlobalSection
	GlobalSection(SolutionProperties) = preSolution
		HideSolutionNode = FALSE
	EndGlobalSection
	GlobalSection(ExtensibilityGlobals) = postSolution
		SolutionGuid = {66E2E42F-ACD6-4EAC-97AF-59D50AF46826}
	EndGlobalSection
EndGlobal
